
Microsoft Visual Studio Solution File, Format Version 12.00
# Visual Studio 2013
VisualStudioVersion = 12.0.31101.0
MinimumVisualStudioVersion = 10.0.40219.1
Project("{FAE04EC0-301F-11D3-BF4B-00C04F79EFBC}") = "Optimised", "Optimised\Optimised.csproj", "{05901B24-894A-41AA-96B2-6E803CA60DE5}"
EndProject
Project("{FAE04EC0-301F-11D3-BF4B-00C04F79EFBC}") = "Research site", "Research site\Research site.csproj", "{5267F463-3FE8-4F8D-8D87-363C9A2C929D}"
EndProject
Project("{FAE04EC0-301F-11D3-BF4B-00C04F79EFBC}") = "Simplified", "Simplified\Simplified.csproj", "{AE871C9D-D757-4DB4-9DCA-B8FDCB86DBAE}"
EndProject
Project("{FAE04EC0-301F-11D3-BF4B-00C04F79EFBC}") = "Mobile site", "WebCoder mobile site\Mobile site.csproj", "{5ABBEE0A-1572-434C-A85B-FC2E2753E48A}"
EndProject
Project("{FAE04EC0-301F-11D3-BF4B-00C04F79EFBC}") = "WebCoderTests", "WebCoderTests\WebCoderTests.csproj", "{35144357-3D70-459A-A4A5-DFBD065D9D87}"
EndProject
Global
	GlobalSection(SolutionConfigurationPlatforms) = preSolution
		Debug|Any CPU = Debug|Any CPU
		Release|Any CPU = Release|Any CPU
	EndGlobalSection
	GlobalSection(ProjectConfigurationPlatforms) = postSolution
		{05901B24-894A-41AA-96B2-6E803CA60DE5}.Debug|Any CPU.ActiveCfg = Debug|Any CPU
		{05901B24-894A-41AA-96B2-6E803CA60DE5}.Debug|Any CPU.Build.0 = Debug|Any CPU
		{05901B24-894A-41AA-96B2-6E803CA60DE5}.Release|Any CPU.ActiveCfg = Release|Any CPU
		{05901B24-894A-41AA-96B2-6E803CA60DE5}.Release|Any CPU.Build.0 = Release|Any CPU
		{5267F463-3FE8-4F8D-8D87-363C9A2C929D}.Debug|Any CPU.ActiveCfg = Debug|Any CPU
		{5267F463-3FE8-4F8D-8D87-363C9A2C929D}.Debug|Any CPU.Build.0 = Debug|Any CPU
		{5267F463-3FE8-4F8D-8D87-363C9A2C929D}.Release|Any CPU.ActiveCfg = Release|Any CPU
		{5267F463-3FE8-4F8D-8D87-363C9A2C929D}.Release|Any CPU.Build.0 = Release|Any CPU
		{AE871C9D-D757-4DB4-9DCA-B8FDCB86DBAE}.Debug|Any CPU.ActiveCfg = Debug|Any CPU
		{AE871C9D-D757-4DB4-9DCA-B8FDCB86DBAE}.Debug|Any CPU.Build.0 = Debug|Any CPU
		{AE871C9D-D757-4DB4-9DCA-B8FDCB86DBAE}.Release|Any CPU.ActiveCfg = Release|Any CPU
		{AE871C9D-D757-4DB4-9DCA-B8FDCB86DBAE}.Release|Any CPU.Build.0 = Release|Any CPU
		{5ABBEE0A-1572-434C-A85B-FC2E2753E48A}.Debug|Any CPU.ActiveCfg = Debug|Any CPU
		{5ABBEE0A-1572-434C-A85B-FC2E2753E48A}.Debug|Any CPU.Build.0 = Debug|Any CPU
		{5ABBEE0A-1572-434C-A85B-FC2E2753E48A}.Release|Any CPU.ActiveCfg = Release|Any CPU
		{5ABBEE0A-1572-434C-A85B-FC2E2753E48A}.Release|Any CPU.Build.0 = Release|Any CPU
		{35144357-3D70-459A-A4A5-DFBD065D9D87}.Debug|Any CPU.ActiveCfg = Debug|Any CPU
		{35144357-3D70-459A-A4A5-DFBD065D9D87}.Debug|Any CPU.Build.0 = Debug|Any CPU
		{35144357-3D70-459A-A4A5-DFBD065D9D87}.Release|Any CPU.ActiveCfg = Release|Any CPU
		{35144357-3D70-459A-A4A5-DFBD065D9D87}.Release|Any CPU.Build.0 = Release|Any CPU
	EndGlobalSection
	GlobalSection(SolutionProperties) = preSolution
		HideSolutionNode = FALSE
	EndGlobalSection
EndGlobal
